[[package]]
category = "main"
description = "Lightweight, extensible schema and data validation tool for Python dictionaries."
name = "cerberus"
optional = false
python-versions = ">=2.7"
version = "1.3.1"

[[package]]
category = "main"
description = "Python package for providing Mozilla's CA Bundle."
name = "certifi"
optional = false
python-versions = "*"
version = "2019.6.16"

[[package]]
category = "main"
description = "Universal encoding detector for Python 2 and 3"
name = "chardet"
optional = false
python-versions = "*"
version = "3.0.4"

[[package]]
category = "main"
description = "Factory+Registry pattern for Python classes."
name = "class-registry"
optional = false
python-versions = "*"
version = "2.1.2"

[package.dependencies]
six = "*"

[[package]]
category = "main"
description = "Validation and data pipelines made easy!"
name = "filters"
optional = false
python-versions = "*"
version = "1.3.2"

[package.dependencies]
class-registry = "*"
python-dateutil = "*"
pytz = "*"
regex = "*"
six = "*"

[[package]]
category = "main"
description = "Internationalized Domain Names in Applications (IDNA)"
name = "idna"
optional = false
python-versions = ">=2.7, !=3.0.*, !=3.1.*, !=3.2.*, !=3.3.*"
version = "2.8"

[[package]]
category = "main"
description = "IOTA API library for Python"
name = "pyota"
optional = false
python-versions = "*"
version = "2.0.7"

[package.dependencies]
filters = "*"
pysha3 = "*"
requests = ">=2.4.1"
six = "*"

[[package]]
category = "main"
description = "SHA-3 (Keccak) for Python 2.7 - 3.5"
name = "pysha3"
optional = false
python-versions = "*"
version = "1.0.2"

[[package]]
category = "main"
description = "Extensions to the standard Python datetime module"
name = "python-dateutil"
optional = false
python-versions = ">=2.7, !=3.0.*, !=3.1.*, !=3.2.*"
version = "2.8.0"

[package.dependencies]
six = ">=1.5"

[[package]]
category = "main"
description = "World timezone definitions, modern and historical"
name = "pytz"
optional = false
python-versions = "*"
version = "2019.2"

[[package]]
category = "main"
description = "Alternative regular expression module, to replace re."
name = "regex"
optional = false
python-versions = "*"
version = "2019.08.19"

[[package]]
category = "main"
description = "Python HTTP for Humans."
name = "requests"
optional = false
python-versions = ">=2.7, !=3.0.*, !=3.1.*, !=3.2.*, !=3.3.*, !=3.4.*"
version = "2.22.0"

[package.dependencies]
certifi = ">=2017.4.17"
chardet = ">=3.0.2,<3.1.0"
idna = ">=2.5,<2.9"
urllib3 = ">=1.21.1,<1.25.0 || >1.25.0,<1.25.1 || >1.25.1,<1.26"

[[package]]
category = "main"
description = "Python 2 and 3 compatibility utilities"
name = "six"
optional = false
python-versions = ">=2.6, !=3.0.*, !=3.1.*"
version = "1.12.0"

[[package]]
category = "main"
description = "Python Library for Tom's Obvious, Minimal Language"
name = "toml"
optional = false
python-versions = "*"
version = "0.10.0"

[[package]]
category = "main"
description = "HTTP library with thread-safe connection pooling, file post, and more."
name = "urllib3"
optional = false
python-versions = ">=2.7, !=3.0.*, !=3.1.*, !=3.2.*, !=3.3.*, <4"
version = "1.25.3"

[metadata]
content-hash = "2e5c90c4fc1e212aafb4e4ccd3ebc92ca6b75550e503e62ba35741729a2419b2"
python-versions = "^3.7"

[metadata.hashes]
cerberus = ["0be48fc0dc84f83202a5309c0aa17cd5393e70731a1698a50d118b762fbe6875"]
certifi = ["046832c04d4e752f37383b628bc601a7ea7211496b4638f6514d0e5b9acc4939", "945e3ba63a0b9f577b1395204e13c3a231f9bc0223888be653286534e5873695"]
chardet = ["84ab92ed1c4d4f16916e05906b6b75a6c0fb5db821cc65e70cbd64a3e2a5eaae", "fc323ffcaeaed0e0a02bf4d117757b98aed530d9ed4531e3e15460124c106691"]
class-registry = ["678bdb0322566c07a4d8905140d364bd34a73baf46bf7580fc2e06fa994d4e7e", "cfb855514753e2edfe8d88b14a6e449820682fe0983efe61b83df28b688b3e5a"]
filters = ["248150dfd768f9211f4c897696f3f4c370697e0f19b9c1f85577a27495b18496", "b74fad6a7885f1380dd12fde0f849e8c5e459919ce314f76c2352064c7a30796"]
idna = ["c357b3f628cf53ae2c4c05627ecc484553142ca23264e593d327bcde5e9c3407", "ea8b7f6188e6fa117537c3df7da9fc686d485087abf6ac197f9c46432f7e4a3c"]
pyota = ["6be4987fc61da7186b6c663dbf22c877dde72556b7a8c68c4571ea0e0145c3c4", "a0b7d687e4ac632aadb1a0a48a56af7904f3587cd92bc48dbc35ba395a4dd831"]
pysha3 = ["0060a66be16665d90c432f55a0ba1f6480590cfb7d2ad389e688a399183474f0", "11a2ba7a2e1d9669d0052fc8fb30f5661caed5512586ecbeeaf6bf9478ab5c48", "386998ee83e313b6911327174e088021f9f2061cbfa1651b97629b761e9ef5c4", "41be70b06c8775a9e4d4eeb52f2f6a3f356f17539a54eac61f43a29e42fd453d", "4416f16b0f1605c25f627966f76873e432971824778b369bd9ce1bb63d6566d9", "571a246308a7b63f15f5aa9651f99cf30f2a6acba18eddf28f1510935968b603", "59111c08b8f34495575d12e5f2ce3bafb98bea470bc81e70c8b6df99aef0dd2f", "5ec8da7c5c70a53b5fa99094af3ba8d343955b212bc346a0d25f6ff75853999f", "684cb01d87ed6ff466c135f1c83e7e4042d0fc668fa20619f581e6add1d38d77", "68c3a60a39f9179b263d29e221c1bd6e01353178b14323c39cc70593c30f21c5", "6e6a84efb7856f5d760ee55cd2b446972cb7b835676065f6c4f694913ea8f8d9", "827b308dc025efe9b6b7bae36c2e09ed0118a81f792d888548188e97b9bf9a3d", "93abd775dac570cb9951c4e423bcb2bc6303a9d1dc0dc2b7afa2dd401d195b24", "9c778fa8b161dc9348dc5cc361e94d54aa5ff18413788f4641f6600d4893a608", "9fdd28884c5d0b4edfed269b12badfa07f1c89dbc5c9c66dd279833894a9896b", "c7c2adcc43836223680ebdf91f1d3373543dc32747c182c8ca2e02d1b69ce030", "c93a2676e6588abcfaecb73eb14485c81c63b94fca2000a811a7b4fb5937b8e8", "cd5c961b603bd2e6c2b5ef9976f3238a561c58569945d4165efb9b9383b050ef", "f9046d59b3e72aa84f6dae83a040bd1184ebd7fef4e822d38186a8158c89e3cf", "fd7e66999060d079e9c0e8893e78d8017dad4f59721f6fe0be6307cd32127a07", "fe988e73f2ce6d947220624f04d467faf05f1bbdbc64b0a201296bb3af92739e"]
python-dateutil = ["7e6584c74aeed623791615e26efd690f29817a27c73085b78e4bad02493df2fb", "c89805f6f4d64db21ed966fda138f8a5ed7a4fdbc1a8ee329ce1b74e3c74da9e"]
pytz = ["26c0b32e437e54a18161324a2fca3c4b9846b74a8dccddd843113109e1116b32", "c894d57500a4cd2d5c71114aaab77dbab5eabd9022308ce5ac9bb93a60a6f0c7"]
regex = ["1e9f9bc44ca195baf0040b1938e6801d2f3409661c15fe57f8164c678cfc663f", "587b62d48ca359d2d4f02d486f1f0aa9a20fbaf23a9d4198c4bed72ab2f6c849", "835ccdcdc612821edf132c20aef3eaaecfb884c9454fdc480d5887562594ac61", "93f6c9da57e704e128d90736430c5c59dd733327882b371b0cae8833106c2a21", "a46f27d267665016acb3ec8c6046ec5eae8cf80befe85ba47f43c6f5ec636dcd", "c5c8999b3a341b21ac2c6ec704cfcccbc50f1fedd61b6a8ee915ca7fd4b0a557", "d4d1829cf97632673aa49f378b0a2c3925acd795148c5ace8ef854217abbee89", "d96479257e8e4d1d7800adb26bf9c5ca5bab1648a1eddcac84d107b73dc68327", "f20f4912daf443220436759858f96fefbfc6c6ba9e67835fd6e4e9b73582791a", "f2b37b5b2c2a9d56d9e88efef200ec09c36c7f323f9d58d0b985a90923df386d", "fe765b809a1f7ce642c2edeee351e7ebd84391640031ba4b60af8d91a9045890"]
requests = ["11e007a8a2aa0323f5a921e9e6a2d7e4e67d9877e85773fba9ba6419025cbeb4", "9cf5292fcd0f598c671cfc1e0d7d1a7f13bb8085e9a590f48c010551dc6c4b31"]
six = ["3350809f0555b11f552448330d0b52d5f24c91a322ea4a15ef22629740f3761c", "d16a0141ec1a18405cd4ce8b4613101da75da0e9a7aec5bdd4fa804d0e0eba73"]
toml = ["229f81c57791a41d65e399fc06bf0848bab550a9dfd5ed66df18ce5f05e73d5c", "235682dd292d5899d361a811df37e04a8828a5b1da3115886b73cf81ebc9100e", "f1db651f9657708513243e61e6cc67d101a39bad662eaa9b5546f789338e07a3"]
urllib3 = ["b246607a25ac80bedac05c6f282e3cdaf3afb65420fd024ac94435cabe6e18d1", "dbe59173209418ae49d485b87d1681aefa36252ee85884c31346debd19463232"]
